// !$*UTF8*$!
{
	archiveVersion = 1;
	classes = {
	};
	objectVersion = 56;
	objects = {

/* Begin PBXBuildFile section */
		EF1BC6102B1FCD6F00F83270 /* EssentialFeed.framework in Frameworks */ = {isa = PBXBuildFile; fileRef = EF1BC6072B1FCD6F00F83270 /* EssentialFeed.framework */; };
		EF1BC6152B1FCD6F00F83270 /* LoadFeedFromRemoteUseCaseTests.swift in Sources */ = {isa = PBXBuildFile; fileRef = EF1BC6142B1FCD6F00F83270 /* LoadFeedFromRemoteUseCaseTests.swift */; };
		EF1BC6162B1FCD6F00F83270 /* EssentialFeed.h in Headers */ = {isa = PBXBuildFile; fileRef = EF1BC60A2B1FCD6F00F83270 /* EssentialFeed.h */; settings = {ATTRIBUTES = (Public, ); }; };
		EF1BC6202B1FCE0400F83270 /* FeedItem.swift in Sources */ = {isa = PBXBuildFile; fileRef = EF1BC61F2B1FCE0400F83270 /* FeedItem.swift */; };
		EF1BC6222B1FCEB400F83270 /* FeedLoader.swift in Sources */ = {isa = PBXBuildFile; fileRef = EF1BC6212B1FCEB400F83270 /* FeedLoader.swift */; };
		EF1BC6262B203E6900F83270 /* RemoteFeedLoader.swift in Sources */ = {isa = PBXBuildFile; fileRef = EF1BC6252B203E6900F83270 /* RemoteFeedLoader.swift */; };
		EF1BC6282B2282D000F83270 /* HTTPClientResult.swift in Sources */ = {isa = PBXBuildFile; fileRef = EF1BC6272B2282D000F83270 /* HTTPClientResult.swift */; };
		EF1BC62A2B22839B00F83270 /* FeedItemsMapper.swift in Sources */ = {isa = PBXBuildFile; fileRef = EF1BC6292B22839B00F83270 /* FeedItemsMapper.swift */; };
		EF21A5472B32059200958202 /* CacheFeedUseCaseTests.swift in Sources */ = {isa = PBXBuildFile; fileRef = EF21A5462B32059200958202 /* CacheFeedUseCaseTests.swift */; };
		EF21A54A2B324CDC00958202 /* LocalFeedLoader.swift in Sources */ = {isa = PBXBuildFile; fileRef = EF21A5492B324CDC00958202 /* LocalFeedLoader.swift */; };
		EF790D232B276D2E009557EB /* URLSessionHTTPClientTests.swift in Sources */ = {isa = PBXBuildFile; fileRef = EF790D222B276D2E009557EB /* URLSessionHTTPClientTests.swift */; };
		EF9816FC2B2B7FAE00C02FE2 /* XCTestCase+MemoryLeakTracking.swift in Sources */ = {isa = PBXBuildFile; fileRef = EFD308E92B2A3B11006F4485 /* XCTestCase+MemoryLeakTracking.swift */; };
		EFD308EA2B2A3B11006F4485 /* XCTestCase+MemoryLeakTracking.swift in Sources */ = {isa = PBXBuildFile; fileRef = EFD308E92B2A3B11006F4485 /* XCTestCase+MemoryLeakTracking.swift */; };
		EFD308ED2B2A8538006F4485 /* URLSessionHTTPClient.swift in Sources */ = {isa = PBXBuildFile; fileRef = EFD308EB2B2A84B0006F4485 /* URLSessionHTTPClient.swift */; };
		EFD308F62B2B7755006F4485 /* EssentialFeedAPIEndToEndTests.swift in Sources */ = {isa = PBXBuildFile; fileRef = EFD308F52B2B7755006F4485 /* EssentialFeedAPIEndToEndTests.swift */; };
		EFD308F72B2B7755006F4485 /* EssentialFeed.framework in Frameworks */ = {isa = PBXBuildFile; fileRef = EF1BC6072B1FCD6F00F83270 /* EssentialFeed.framework */; };
/* End PBXBuildFile section */

/* Begin PBXContainerItemProxy section */
		EF1BC6112B1FCD6F00F83270 /* PBXContainerItemProxy */ = {
			isa = PBXContainerItemProxy;
			containerPortal = EF1BC5FE2B1FCD6F00F83270 /* Project object */;
			proxyType = 1;
			remoteGlobalIDString = EF1BC6062B1FCD6F00F83270;
			remoteInfo = EssentialFeed;
		};
		EFD308F82B2B7755006F4485 /* PBXContainerItemProxy */ = {
			isa = PBXContainerItemProxy;
			containerPortal = EF1BC5FE2B1FCD6F00F83270 /* Project object */;
			proxyType = 1;
			remoteGlobalIDString = EF1BC6062B1FCD6F00F83270;
			remoteInfo = EssentialFeed;
		};
/* End PBXContainerItemProxy section */

/* Begin PBXFileReference section */
		EF1BC6072B1FCD6F00F83270 /* EssentialFeed.framework */ = {isa = PBXFileReference; explicitFileType = wrapper.framework; includeInIndex = 0; path = EssentialFeed.framework; sourceTree = BUILT_PRODUCTS_DIR; };
		EF1BC60A2B1FCD6F00F83270 /* EssentialFeed.h */ = {isa = PBXFileReference; lastKnownFileType = sourcecode.c.h; path = EssentialFeed.h; sourceTree = "<group>"; usesTabs = 1; };
		EF1BC60F2B1FCD6F00F83270 /* EssentialFeedTests.xctest */ = {isa = PBXFileReference; explicitFileType = wrapper.cfbundle; includeInIndex = 0; path = EssentialFeedTests.xctest; sourceTree = BUILT_PRODUCTS_DIR; };
		EF1BC6142B1FCD6F00F83270 /* LoadFeedFromRemoteUseCaseTests.swift */ = {isa = PBXFileReference; lastKnownFileType = sourcecode.swift; path = LoadFeedFromRemoteUseCaseTests.swift; sourceTree = "<group>"; usesTabs = 1; };
		EF1BC61F2B1FCE0400F83270 /* FeedItem.swift */ = {isa = PBXFileReference; lastKnownFileType = sourcecode.swift; path = FeedItem.swift; sourceTree = "<group>"; usesTabs = 1; };
		EF1BC6212B1FCEB400F83270 /* FeedLoader.swift */ = {isa = PBXFileReference; lastKnownFileType = sourcecode.swift; path = FeedLoader.swift; sourceTree = "<group>"; usesTabs = 1; };
		EF1BC6252B203E6900F83270 /* RemoteFeedLoader.swift */ = {isa = PBXFileReference; lastKnownFileType = sourcecode.swift; path = RemoteFeedLoader.swift; sourceTree = "<group>"; usesTabs = 1; };
		EF1BC6272B2282D000F83270 /* HTTPClientResult.swift */ = {isa = PBXFileReference; lastKnownFileType = sourcecode.swift; path = HTTPClientResult.swift; sourceTree = "<group>"; usesTabs = 1; };
		EF1BC6292B22839B00F83270 /* FeedItemsMapper.swift */ = {isa = PBXFileReference; lastKnownFileType = sourcecode.swift; path = FeedItemsMapper.swift; sourceTree = "<group>"; usesTabs = 1; };
		EF21A5462B32059200958202 /* CacheFeedUseCaseTests.swift */ = {isa = PBXFileReference; lastKnownFileType = sourcecode.swift; path = CacheFeedUseCaseTests.swift; sourceTree = "<group>"; };
		EF21A5492B324CDC00958202 /* LocalFeedLoader.swift */ = {isa = PBXFileReference; lastKnownFileType = sourcecode.swift; path = LocalFeedLoader.swift; sourceTree = "<group>"; };
		EF790D222B276D2E009557EB /* URLSessionHTTPClientTests.swift */ = {isa = PBXFileReference; lastKnownFileType = sourcecode.swift; path = URLSessionHTTPClientTests.swift; sourceTree = "<group>"; usesTabs = 1; };
		EF9816FD2B2B80BD00C02FE2 /* CI.xctestplan */ = {isa = PBXFileReference; lastKnownFileType = text; path = CI.xctestplan; sourceTree = "<group>"; };
		EFD308E92B2A3B11006F4485 /* XCTestCase+MemoryLeakTracking.swift */ = {isa = PBXFileReference; lastKnownFileType = sourcecode.swift; path = "XCTestCase+MemoryLeakTracking.swift"; sourceTree = "<group>"; usesTabs = 1; };
		EFD308EB2B2A84B0006F4485 /* URLSessionHTTPClient.swift */ = {isa = PBXFileReference; lastKnownFileType = sourcecode.swift; path = URLSessionHTTPClient.swift; sourceTree = "<group>"; };
		EFD308EE2B2B6556006F4485 /* EssentialFeed.xctestplan */ = {isa = PBXFileReference; lastKnownFileType = text; path = EssentialFeed.xctestplan; sourceTree = "<group>"; };
		EFD308F32B2B7755006F4485 /* EssentialFeedAPIEndToEndTests.xctest */ = {isa = PBXFileReference; explicitFileType = wrapper.cfbundle; includeInIndex = 0; path = EssentialFeedAPIEndToEndTests.xctest; sourceTree = BUILT_PRODUCTS_DIR; };
		EFD308F52B2B7755006F4485 /* EssentialFeedAPIEndToEndTests.swift */ = {isa = PBXFileReference; lastKnownFileType = sourcecode.swift; path = EssentialFeedAPIEndToEndTests.swift; sourceTree = "<group>"; };
/* End PBXFileReference section */

/* Begin PBXFrameworksBuildPhase section */
		EF1BC6042B1FCD6F00F83270 /* Frameworks */ = {
			isa = PBXFrameworksBuildPhase;
			buildActionMask = 2147483647;
			files = (
			);
			runOnlyForDeploymentPostprocessing = 0;
		};
		EF1BC60C2B1FCD6F00F83270 /* Frameworks */ = {
			isa = PBXFrameworksBuildPhase;
			buildActionMask = 2147483647;
			files = (
				EF1BC6102B1FCD6F00F83270 /* EssentialFeed.framework in Frameworks */,
			);
			runOnlyForDeploymentPostprocessing = 0;
		};
		EFD308F02B2B7755006F4485 /* Frameworks */ = {
			isa = PBXFrameworksBuildPhase;
			buildActionMask = 2147483647;
			files = (
				EFD308F72B2B7755006F4485 /* EssentialFeed.framework in Frameworks */,
			);
			runOnlyForDeploymentPostprocessing = 0;
		};
/* End PBXFrameworksBuildPhase section */

/* Begin PBXGroup section */
		EF1BC5FD2B1FCD6F00F83270 = {
			isa = PBXGroup;
			children = (
				EF9816FD2B2B80BD00C02FE2 /* CI.xctestplan */,
				EFD308EE2B2B6556006F4485 /* EssentialFeed.xctestplan */,
				EF1BC6092B1FCD6F00F83270 /* EssentialFeed */,
				EF1BC6132B1FCD6F00F83270 /* EssentialFeedTests */,
				EFD308F42B2B7755006F4485 /* EssentialFeedAPIEndToEndTests */,
				EF1BC6082B1FCD6F00F83270 /* Products */,
			);
			sourceTree = "<group>";
		};
		EF1BC6082B1FCD6F00F83270 /* Products */ = {
			isa = PBXGroup;
			children = (
				EF1BC6072B1FCD6F00F83270 /* EssentialFeed.framework */,
				EF1BC60F2B1FCD6F00F83270 /* EssentialFeedTests.xctest */,
				EFD308F32B2B7755006F4485 /* EssentialFeedAPIEndToEndTests.xctest */,
			);
			name = Products;
			sourceTree = "<group>";
		};
		EF1BC6092B1FCD6F00F83270 /* EssentialFeed */ = {
			isa = PBXGroup;
			children = (
				EF21A5482B324CBE00958202 /* Feed Cache */,
				EF1BC6242B203E4100F83270 /* Feed API */,
				EF1BC60A2B1FCD6F00F83270 /* EssentialFeed.h */,
				EF1BC6232B1FD02300F83270 /* Feed Feature */,
			);
			path = EssentialFeed;
			sourceTree = "<group>";
		};
		EF1BC6132B1FCD6F00F83270 /* EssentialFeedTests */ = {
			isa = PBXGroup;
			children = (
				EFD308E82B2A3AF4006F4485 /* Helpers */,
				EF21A5452B32054200958202 /* Feed Cache */,
				EF790D212B253ED8009557EB /* Feed API */,
			);
			path = EssentialFeedTests;
			sourceTree = "<group>";
		};
		EF1BC6232B1FD02300F83270 /* Feed Feature */ = {
			isa = PBXGroup;
			children = (
				EF1BC61F2B1FCE0400F83270 /* FeedItem.swift */,
				EF1BC6212B1FCEB400F83270 /* FeedLoader.swift */,
			);
			path = "Feed Feature";
			sourceTree = "<group>";
		};
		EF1BC6242B203E4100F83270 /* Feed API */ = {
			isa = PBXGroup;
			children = (
				EFD308EB2B2A84B0006F4485 /* URLSessionHTTPClient.swift */,
				EF1BC6252B203E6900F83270 /* RemoteFeedLoader.swift */,
				EF1BC6272B2282D000F83270 /* HTTPClientResult.swift */,
				EF1BC6292B22839B00F83270 /* FeedItemsMapper.swift */,
			);
			path = "Feed API";
			sourceTree = "<group>";
		};
		EF21A5452B32054200958202 /* Feed Cache */ = {
			isa = PBXGroup;
			children = (
				EF21A5462B32059200958202 /* CacheFeedUseCaseTests.swift */,
			);
			path = "Feed Cache";
			sourceTree = "<group>";
		};
		EF21A5482B324CBE00958202 /* Feed Cache */ = {
			isa = PBXGroup;
			children = (
				EF21A5492B324CDC00958202 /* LocalFeedLoader.swift */,
			);
			path = "Feed Cache";
			sourceTree = "<group>";
		};
		EF790D212B253ED8009557EB /* Feed API */ = {
			isa = PBXGroup;
			children = (
				EF1BC6142B1FCD6F00F83270 /* LoadFeedFromRemoteUseCaseTests.swift */,
				EF790D222B276D2E009557EB /* URLSessionHTTPClientTests.swift */,
			);
			path = "Feed API";
			sourceTree = "<group>";
		};
		EFD308E82B2A3AF4006F4485 /* Helpers */ = {
			isa = PBXGroup;
			children = (
				EFD308E92B2A3B11006F4485 /* XCTestCase+MemoryLeakTracking.swift */,
			);
			path = Helpers;
			sourceTree = "<group>";
		};
		EFD308F42B2B7755006F4485 /* EssentialFeedAPIEndToEndTests */ = {
			isa = PBXGroup;
			children = (
				EFD308F52B2B7755006F4485 /* EssentialFeedAPIEndToEndTests.swift */,
			);
			path = EssentialFeedAPIEndToEndTests;
			sourceTree = "<group>";
		};
/* End PBXGroup section */

/* Begin PBXHeadersBuildPhase section */
		EF1BC6022B1FCD6F00F83270 /* Headers */ = {
			isa = PBXHeadersBuildPhase;
			buildActionMask = 2147483647;
			files = (
				EF1BC6162B1FCD6F00F83270 /* EssentialFeed.h in Headers */,
			);
			runOnlyForDeploymentPostprocessing = 0;
		};
/* End PBXHeadersBuildPhase section */

/* Begin PBXNativeTarget section */
		EF1BC6062B1FCD6F00F83270 /* EssentialFeed */ = {
			isa = PBXNativeTarget;
			buildConfigurationList = EF1BC6192B1FCD6F00F83270 /* Build configuration list for PBXNativeTarget "EssentialFeed" */;
			buildPhases = (
				EF1BC6022B1FCD6F00F83270 /* Headers */,
				EF1BC6032B1FCD6F00F83270 /* Sources */,
				EF1BC6042B1FCD6F00F83270 /* Frameworks */,
				EF1BC6052B1FCD6F00F83270 /* Resources */,
			);
			buildRules = (
			);
			dependencies = (
			);
			name = EssentialFeed;
			productName = EssentialFeed;
			productReference = EF1BC6072B1FCD6F00F83270 /* EssentialFeed.framework */;
			productType = "com.apple.product-type.framework";
		};
		EF1BC60E2B1FCD6F00F83270 /* EssentialFeedTests */ = {
			isa = PBXNativeTarget;
			buildConfigurationList = EF1BC61C2B1FCD6F00F83270 /* Build configuration list for PBXNativeTarget "EssentialFeedTests" */;
			buildPhases = (
				EF1BC60B2B1FCD6F00F83270 /* Sources */,
				EF1BC60C2B1FCD6F00F83270 /* Frameworks */,
				EF1BC60D2B1FCD6F00F83270 /* Resources */,
			);
			buildRules = (
			);
			dependencies = (
				EF1BC6122B1FCD6F00F83270 /* PBXTargetDependency */,
			);
			name = EssentialFeedTests;
			productName = EssentialFeedTests;
			productReference = EF1BC60F2B1FCD6F00F83270 /* EssentialFeedTests.xctest */;
			productType = "com.apple.product-type.bundle.unit-test";
		};
		EFD308F22B2B7755006F4485 /* EssentialFeedAPIEndToEndTests */ = {
			isa = PBXNativeTarget;
			buildConfigurationList = EFD308FA2B2B7755006F4485 /* Build configuration list for PBXNativeTarget "EssentialFeedAPIEndToEndTests" */;
			buildPhases = (
				EFD308EF2B2B7755006F4485 /* Sources */,
				EFD308F02B2B7755006F4485 /* Frameworks */,
				EFD308F12B2B7755006F4485 /* Resources */,
			);
			buildRules = (
			);
			dependencies = (
				EFD308F92B2B7755006F4485 /* PBXTargetDependency */,
			);
			name = EssentialFeedAPIEndToEndTests;
			productName = EssentialFeedAPIEndToEndTests;
			productReference = EFD308F32B2B7755006F4485 /* EssentialFeedAPIEndToEndTests.xctest */;
			productType = "com.apple.product-type.bundle.unit-test";
		};
/* End PBXNativeTarget section */

/* Begin PBXProject section */
		EF1BC5FE2B1FCD6F00F83270 /* Project object */ = {
			isa = PBXProject;
			attributes = {
				BuildIndependentTargetsInParallel = 1;
				LastSwiftUpdateCheck = 1500;
				LastUpgradeCheck = 1500;
				TargetAttributes = {
					EF1BC6062B1FCD6F00F83270 = {
						CreatedOnToolsVersion = 15.0;
						LastSwiftMigration = 1500;
					};
					EF1BC60E2B1FCD6F00F83270 = {
						CreatedOnToolsVersion = 15.0;
					};
					EFD308F22B2B7755006F4485 = {
						CreatedOnToolsVersion = 15.0;
					};
				};
			};
			buildConfigurationList = EF1BC6012B1FCD6F00F83270 /* Build configuration list for PBXProject "EssentialFeed" */;
			compatibilityVersion = "Xcode 14.0";
			developmentRegion = en;
			hasScannedForEncodings = 0;
			knownRegions = (
				en,
				Base,
			);
			mainGroup = EF1BC5FD2B1FCD6F00F83270;
			productRefGroup = EF1BC6082B1FCD6F00F83270 /* Products */;
			projectDirPath = "";
			projectRoot = "";
			targets = (
				EF1BC6062B1FCD6F00F83270 /* EssentialFeed */,
				EF1BC60E2B1FCD6F00F83270 /* EssentialFeedTests */,
				EFD308F22B2B7755006F4485 /* EssentialFeedAPIEndToEndTests */,
			);
		};
/* End PBXProject section */

/* Begin PBXResourcesBuildPhase section */
		EF1BC6052B1FCD6F00F83270 /* Resources */ = {
			isa = PBXResourcesBuildPhase;
			buildActionMask = 2147483647;
			files = (
			);
			runOnlyForDeploymentPostprocessing = 0;
		};
		EF1BC60D2B1FCD6F00F83270 /* Resources */ = {
			isa = PBXResourcesBuildPhase;
			buildActionMask = 2147483647;
			files = (
			);
			runOnlyForDeploymentPostprocessing = 0;
		};
		EFD308F12B2B7755006F4485 /* Resources */ = {
			isa = PBXResourcesBuildPhase;
			buildActionMask = 2147483647;
			files = (
			);
			runOnlyForDeploymentPostprocessing = 0;
		};
/* End PBXResourcesBuildPhase section */

/* Begin PBXSourcesBuildPhase section */
		EF1BC6032B1FCD6F00F83270 /* Sources */ = {
			isa = PBXSourcesBuildPhase;
			buildActionMask = 2147483647;
			files = (
				EF1BC62A2B22839B00F83270 /* FeedItemsMapper.swift in Sources */,
				EF1BC6222B1FCEB400F83270 /* FeedLoader.swift in Sources */,
				EF1BC6262B203E6900F83270 /* RemoteFeedLoader.swift in Sources */,
				EF21A54A2B324CDC00958202 /* LocalFeedLoader.swift in Sources */,
				EF1BC6202B1FCE0400F83270 /* FeedItem.swift in Sources */,
				EF1BC6282B2282D000F83270 /* HTTPClientResult.swift in Sources */,
				EFD308ED2B2A8538006F4485 /* URLSessionHTTPClient.swift in Sources */,
			);
			runOnlyForDeploymentPostprocessing = 0;
		};
		EF1BC60B2B1FCD6F00F83270 /* Sources */ = {
			isa = PBXSourcesBuildPhase;
			buildActionMask = 2147483647;
			files = (
				EF1BC6152B1FCD6F00F83270 /* LoadFeedFromRemoteUseCaseTests.swift in Sources */,
				EF790D232B276D2E009557EB /* URLSessionHTTPClientTests.swift in Sources */,
				EF21A5472B32059200958202 /* CacheFeedUseCaseTests.swift in Sources */,
				EFD308EA2B2A3B11006F4485 /* XCTestCase+MemoryLeakTracking.swift in Sources */,
			);
			runOnlyForDeploymentPostprocessing = 0;
		};
		EFD308EF2B2B7755006F4485 /* Sources */ = {
			isa = PBXSourcesBuildPhase;
			buildActionMask = 2147483647;
			files = (
				EFD308F62B2B7755006F4485 /* EssentialFeedAPIEndToEndTests.swift in Sources */,
				EF9816FC2B2B7FAE00C02FE2 /* XCTestCase+MemoryLeakTracking.swift in Sources */,
			);
			runOnlyForDeploymentPostprocessing = 0;
		};
/* End PBXSourcesBuildPhase section */

/* Begin PBXTargetDependency section */
		EF1BC6122B1FCD6F00F83270 /* PBXTargetDependency */ = {
			isa = PBXTargetDependency;
			target = EF1BC6062B1FCD6F00F83270 /* EssentialFeed */;
			targetProxy = EF1BC6112B1FCD6F00F83270 /* PBXContainerItemProxy */;
		};
		EFD308F92B2B7755006F4485 /* PBXTargetDependency */ = {
			isa = PBXTargetDependency;
			target = EF1BC6062B1FCD6F00F83270 /* EssentialFeed */;
			targetProxy = EFD308F82B2B7755006F4485 /* PBXContainerItemProxy */;
		};
/* End PBXTargetDependency section */

/* Begin XCBuildConfiguration section */
		EF1BC6172B1FCD6F00F83270 /* Debug */ = {
			isa = XCBuildConfiguration;
			buildSettings = {
				ALWAYS_SEARCH_USER_PATHS = NO;
				ASSETCATALOG_COMPILER_GENERATE_SWIFT_ASSET_SYMBOL_EXTENSIONS = YES;
				CLANG_ANALYZER_NONNULL = YES;
				CLANG_ANALYZER_NUMBER_OBJECT_CONVERSION = YES_AGGRESSIVE;
				CLANG_CXX_LANGUAGE_STANDARD = "gnu++20";
				CLANG_ENABLE_MODULES = YES;
				CLANG_ENABLE_OBJC_ARC = YES;
				CLANG_ENABLE_OBJC_WEAK = YES;
				CLANG_WARN_BLOCK_CAPTURE_AUTORELEASING = YES;
				CLANG_WARN_BOOL_CONVERSION = YES;
				CLANG_WARN_COMMA = YES;
				CLANG_WARN_CONSTANT_CONVERSION = YES;
				CLANG_WARN_DEPRECATED_OBJC_IMPLEMENTATIONS = YES;
				CLANG_WARN_DIRECT_OBJC_ISA_USAGE = YES_ERROR;
				CLANG_WARN_DOCUMENTATION_COMMENTS = YES;
				CLANG_WARN_EMPTY_BODY = YES;
				CLANG_WARN_ENUM_CONVERSION = YES;
				CLANG_WARN_INFINITE_RECURSION = YES;
				CLANG_WARN_INT_CONVERSION = YES;
				CLANG_WARN_NON_LITERAL_NULL_CONVERSION = YES;
				CLANG_WARN_OBJC_IMPLICIT_RETAIN_SELF = YES;
				CLANG_WARN_OBJC_LITERAL_CONVERSION = YES;
				CLANG_WARN_OBJC_ROOT_CLASS = YES_ERROR;
				CLANG_WARN_QUOTED_INCLUDE_IN_FRAMEWORK_HEADER = YES;
				CLANG_WARN_RANGE_LOOP_ANALYSIS = YES;
				CLANG_WARN_STRICT_PROTOTYPES = YES;
				CLANG_WARN_SUSPICIOUS_MOVE = YES;
				CLANG_WARN_UNGUARDED_AVAILABILITY = YES_AGGRESSIVE;
				CLANG_WARN_UNREACHABLE_CODE = YES;
				CLANG_WARN__DUPLICATE_METHOD_MATCH = YES;
				COPY_PHASE_STRIP = NO;
				CURRENT_PROJECT_VERSION = 1;
				DEBUG_INFORMATION_FORMAT = dwarf;
				ENABLE_STRICT_OBJC_MSGSEND = YES;
				ENABLE_TESTABILITY = YES;
				ENABLE_USER_SCRIPT_SANDBOXING = YES;
				GCC_C_LANGUAGE_STANDARD = gnu17;
				GCC_DYNAMIC_NO_PIC = NO;
				GCC_NO_COMMON_BLOCKS = YES;
				GCC_OPTIMIZATION_LEVEL = 0;
				GCC_PREPROCESSOR_DEFINITIONS = (
					"DEBUG=1",
					"$(inherited)",
				);
				GCC_WARN_64_TO_32_BIT_CONVERSION = YES;
				GCC_WARN_ABOUT_RETURN_TYPE = YES_ERROR;
				GCC_WARN_UNDECLARED_SELECTOR = YES;
				GCC_WARN_UNINITIALIZED_AUTOS = YES_AGGRESSIVE;
				GCC_WARN_UNUSED_FUNCTION = YES;
				GCC_WARN_UNUSED_VARIABLE = YES;
				LOCALIZATION_PREFERS_STRING_CATALOGS = YES;
				MACOSX_DEPLOYMENT_TARGET = 14.0;
				MTL_ENABLE_DEBUG_INFO = INCLUDE_SOURCE;
				MTL_FAST_MATH = YES;
				ONLY_ACTIVE_ARCH = YES;
				SDKROOT = macosx;
				SWIFT_ACTIVE_COMPILATION_CONDITIONS = "DEBUG $(inherited)";
				SWIFT_OPTIMIZATION_LEVEL = "-Onone";
				VERSIONING_SYSTEM = "apple-generic";
				VERSION_INFO_PREFIX = "";
			};
			name = Debug;
		};
		EF1BC6182B1FCD6F00F83270 /* Release */ = {
			isa = XCBuildConfiguration;
			buildSettings = {
				ALWAYS_SEARCH_USER_PATHS = NO;
				ASSETCATALOG_COMPILER_GENERATE_SWIFT_ASSET_SYMBOL_EXTENSIONS = YES;
				CLANG_ANALYZER_NONNULL = YES;
				CLANG_ANALYZER_NUMBER_OBJECT_CONVERSION = YES_AGGRESSIVE;
				CLANG_CXX_LANGUAGE_STANDARD = "gnu++20";
				CLANG_ENABLE_MODULES = YES;
				CLANG_ENABLE_OBJC_ARC = YES;
				CLANG_ENABLE_OBJC_WEAK = YES;
				CLANG_WARN_BLOCK_CAPTURE_AUTORELEASING = YES;
				CLANG_WARN_BOOL_CONVERSION = YES;
				CLANG_WARN_COMMA = YES;
				CLANG_WARN_CONSTANT_CONVERSION = YES;
				CLANG_WARN_DEPRECATED_OBJC_IMPLEMENTATIONS = YES;
				CLANG_WARN_DIRECT_OBJC_ISA_USAGE = YES_ERROR;
				CLANG_WARN_DOCUMENTATION_COMMENTS = YES;
				CLANG_WARN_EMPTY_BODY = YES;
				CLANG_WARN_ENUM_CONVERSION = YES;
				CLANG_WARN_INFINITE_RECURSION = YES;
				CLANG_WARN_INT_CONVERSION = YES;
				CLANG_WARN_NON_LITERAL_NULL_CONVERSION = YES;
				CLANG_WARN_OBJC_IMPLICIT_RETAIN_SELF = YES;
				CLANG_WARN_OBJC_LITERAL_CONVERSION = YES;
				CLANG_WARN_OBJC_ROOT_CLASS = YES_ERROR;
				CLANG_WARN_QUOTED_INCLUDE_IN_FRAMEWORK_HEADER = YES;
				CLANG_WARN_RANGE_LOOP_ANALYSIS = YES;
				CLANG_WARN_STRICT_PROTOTYPES = YES;
				CLANG_WARN_SUSPICIOUS_MOVE = YES;
				CLANG_WARN_UNGUARDED_AVAILABILITY = YES_AGGRESSIVE;
				CLANG_WARN_UNREACHABLE_CODE = YES;
				CLANG_WARN__DUPLICATE_METHOD_MATCH = YES;
				COPY_PHASE_STRIP = NO;
				CURRENT_PROJECT_VERSION = 1;
				DEBUG_INFORMATION_FORMAT = "dwarf-with-dsym";
				ENABLE_NS_ASSERTIONS = NO;
				ENABLE_STRICT_OBJC_MSGSEND = YES;
				ENABLE_USER_SCRIPT_SANDBOXING = YES;
				GCC_C_LANGUAGE_STANDARD = gnu17;
				GCC_NO_COMMON_BLOCKS = YES;
				GCC_WARN_64_TO_32_BIT_CONVERSION = YES;
				GCC_WARN_ABOUT_RETURN_TYPE = YES_ERROR;
				GCC_WARN_UNDECLARED_SELECTOR = YES;
				GCC_WARN_UNINITIALIZED_AUTOS = YES_AGGRESSIVE;
				GCC_WARN_UNUSED_FUNCTION = YES;
				GCC_WARN_UNUSED_VARIABLE = YES;
				LOCALIZATION_PREFERS_STRING_CATALOGS = YES;
				MACOSX_DEPLOYMENT_TARGET = 14.0;
				MTL_ENABLE_DEBUG_INFO = NO;
				MTL_FAST_MATH = YES;
				SDKROOT = macosx;
				SWIFT_COMPILATION_MODE = wholemodule;
				VERSIONING_SYSTEM = "apple-generic";
				VERSION_INFO_PREFIX = "";
			};
			name = Release;
		};
		EF1BC61A2B1FCD6F00F83270 /* Debug */ = {
			isa = XCBuildConfiguration;
			buildSettings = {
				CLANG_ENABLE_MODULES = YES;
				CODE_SIGN_STYLE = Automatic;
				COMBINE_HIDPI_IMAGES = YES;
				CURRENT_PROJECT_VERSION = 1;
				DEFINES_MODULE = YES;
				DEVELOPMENT_TEAM = 95J2692H9Q;
				DYLIB_COMPATIBILITY_VERSION = 1;
				DYLIB_CURRENT_VERSION = 1;
				DYLIB_INSTALL_NAME_BASE = "@rpath";
				ENABLE_MODULE_VERIFIER = YES;
				GENERATE_INFOPLIST_FILE = YES;
				INFOPLIST_KEY_NSHumanReadableCopyright = "";
				INSTALL_PATH = "$(LOCAL_LIBRARY_DIR)/Frameworks";
				LD_RUNPATH_SEARCH_PATHS = (
					"$(inherited)",
					"@executable_path/../Frameworks",
					"@loader_path/Frameworks",
				);
				MACOSX_DEPLOYMENT_TARGET = 12.0;
				MARKETING_VERSION = 1.0;
				MODULE_VERIFIER_SUPPORTED_LANGUAGES = "objective-c objective-c++";
				MODULE_VERIFIER_SUPPORTED_LANGUAGE_STANDARDS = "gnu17 gnu++20";
				PRODUCT_BUNDLE_IDENTIFIER = com.umbrellc.EssentialFeed;
				PRODUCT_NAME = "$(TARGET_NAME:c99extidentifier)";
				SKIP_INSTALL = YES;
				SWIFT_EMIT_LOC_STRINGS = YES;
				SWIFT_OPTIMIZATION_LEVEL = "-Onone";
				SWIFT_VERSION = 5.0;
			};
			name = Debug;
		};
		EF1BC61B2B1FCD6F00F83270 /* Release */ = {
			isa = XCBuildConfiguration;
			buildSettings = {
				CLANG_ENABLE_MODULES = YES;
				CODE_SIGN_STYLE = Automatic;
				COMBINE_HIDPI_IMAGES = YES;
				CURRENT_PROJECT_VERSION = 1;
				DEFINES_MODULE = YES;
				DEVELOPMENT_TEAM = 95J2692H9Q;
				DYLIB_COMPATIBILITY_VERSION = 1;
				DYLIB_CURRENT_VERSION = 1;
				DYLIB_INSTALL_NAME_BASE = "@rpath";
				ENABLE_MODULE_VERIFIER = YES;
				GENERATE_INFOPLIST_FILE = YES;
				INFOPLIST_KEY_NSHumanReadableCopyright = "";
				INSTALL_PATH = "$(LOCAL_LIBRARY_DIR)/Frameworks";
				LD_RUNPATH_SEARCH_PATHS = (
					"$(inherited)",
					"@executable_path/../Frameworks",
					"@loader_path/Frameworks",
				);
				MACOSX_DEPLOYMENT_TARGET = 12.0;
				MARKETING_VERSION = 1.0;
				MODULE_VERIFIER_SUPPORTED_LANGUAGES = "objective-c objective-c++";
				MODULE_VERIFIER_SUPPORTED_LANGUAGE_STANDARDS = "gnu17 gnu++20";
				PRODUCT_BUNDLE_IDENTIFIER = com.umbrellc.EssentialFeed;
				PRODUCT_NAME = "$(TARGET_NAME:c99extidentifier)";
				SKIP_INSTALL = YES;
				SWIFT_EMIT_LOC_STRINGS = YES;
				SWIFT_VERSION = 5.0;
			};
			name = Release;
		};
		EF1BC61D2B1FCD6F00F83270 /* Debug */ = {
			isa = XCBuildConfiguration;
			buildSettings = {
				ALWAYS_EMBED_SWIFT_STANDARD_LIBRARIES = YES;
				CODE_SIGN_STYLE = Automatic;
				CURRENT_PROJECT_VERSION = 1;
				DEVELOPMENT_TEAM = 95J2692H9Q;
				GENERATE_INFOPLIST_FILE = YES;
				MACOSX_DEPLOYMENT_TARGET = 12.0;
				MARKETING_VERSION = 1.0;
				PRODUCT_BUNDLE_IDENTIFIER = com.umbrellc.EssentialFeedTests;
				PRODUCT_NAME = "$(TARGET_NAME)";
				SWIFT_EMIT_LOC_STRINGS = NO;
				SWIFT_VERSION = 5.0;
			};
			name = Debug;
		};
		EF1BC61E2B1FCD6F00F83270 /* Release */ = {
			isa = XCBuildConfiguration;
			buildSettings = {
				ALWAYS_EMBED_SWIFT_STANDARD_LIBRARIES = YES;
				CODE_SIGN_STYLE = Automatic;
				CURRENT_PROJECT_VERSION = 1;
				DEVELOPMENT_TEAM = 95J2692H9Q;
				GENERATE_INFOPLIST_FILE = YES;
				MACOSX_DEPLOYMENT_TARGET = 12.0;
				MARKETING_VERSION = 1.0;
				PRODUCT_BUNDLE_IDENTIFIER = com.umbrellc.EssentialFeedTests;
				PRODUCT_NAME = "$(TARGET_NAME)";
				SWIFT_EMIT_LOC_STRINGS = NO;
				SWIFT_VERSION = 5.0;
			};
			name = Release;
		};
		EFD308FB2B2B7755006F4485 /* Debug */ = {
			isa = XCBuildConfiguration;
			buildSettings = {
				CODE_SIGN_STYLE = Automatic;
				CURRENT_PROJECT_VERSION = 1;
				DEVELOPMENT_TEAM = 95J2692H9Q;
				GENERATE_INFOPLIST_FILE = YES;
				MACOSX_DEPLOYMENT_TARGET = 12.0;
				MARKETING_VERSION = 1.0;
				PRODUCT_BUNDLE_IDENTIFIER = com.umbrellc.EssentialFeedAPIEndToEndTests;
				PRODUCT_NAME = "$(TARGET_NAME)";
				SWIFT_EMIT_LOC_STRINGS = NO;
				SWIFT_VERSION = 5.0;
			};
			name = Debug;
		};
		EFD308FC2B2B7755006F4485 /* Release */ = {
			isa = XCBuildConfiguration;
			buildSettings = {
				CODE_SIGN_STYLE = Automatic;
				CURRENT_PROJECT_VERSION = 1;
				DEVELOPMENT_TEAM = 95J2692H9Q;
				GENERATE_INFOPLIST_FILE = YES;
				MACOSX_DEPLOYMENT_TARGET = 12.0;
				MARKETING_VERSION = 1.0;
				PRODUCT_BUNDLE_IDENTIFIER = com.umbrellc.EssentialFeedAPIEndToEndTests;
				PRODUCT_NAME = "$(TARGET_NAME)";
				SWIFT_EMIT_LOC_STRINGS = NO;
				SWIFT_VERSION = 5.0;
			};
			name = Release;
		};
/* End XCBuildConfiguration section */

/* Begin XCConfigurationList section */
		EF1BC6012B1FCD6F00F83270 /* Build configuration list for PBXProject "EssentialFeed" */ = {
			isa = XCConfigurationList;
			buildConfigurations = (
				EF1BC6172B1FCD6F00F83270 /* Debug */,
				EF1BC6182B1FCD6F00F83270 /* Release */,
			);
			defaultConfigurationIsVisible = 0;
			defaultConfigurationName = Release;
		};
		EF1BC6192B1FCD6F00F83270 /* Build configuration list for PBXNativeTarget "EssentialFeed" */ = {
			isa = XCConfigurationList;
			buildConfigurations = (
				EF1BC61A2B1FCD6F00F83270 /* Debug */,
				EF1BC61B2B1FCD6F00F83270 /* Release */,
			);
			defaultConfigurationIsVisible = 0;
			defaultConfigurationName = Release;
		};
		EF1BC61C2B1FCD6F00F83270 /* Build configuration list for PBXNativeTarget "EssentialFeedTests" */ = {
			isa = XCConfigurationList;
			buildConfigurations = (
				EF1BC61D2B1FCD6F00F83270 /* Debug */,
				EF1BC61E2B1FCD6F00F83270 /* Release */,
			);
			defaultConfigurationIsVisible = 0;
			defaultConfigurationName = Release;
		};
		EFD308FA2B2B7755006F4485 /* Build configuration list for PBXNativeTarget "EssentialFeedAPIEndToEndTests" */ = {
			isa = XCConfigurationList;
			buildConfigurations = (
				EFD308FB2B2B7755006F4485 /* Debug */,
				EFD308FC2B2B7755006F4485 /* Release */,
			);
			defaultConfigurationIsVisible = 0;
			defaultConfigurationName = Release;
		};
/* End XCConfigurationList section */
	};
	rootObject = EF1BC5FE2B1FCD6F00F83270 /* Project object */;
}
